// !$*UTF8*$!
{
	archiveVersion = 1;
	classes = {
	};
	objectVersion = 50;
	objects = {

/* Begin PBXBuildFile section */
		FB4111FD24A52DC200780502 /* AppDelegate.swift in Sources */ = {isa = PBXBuildFile; fileRef = FB4111FC24A52DC200780502 /* AppDelegate.swift */; };
		FB4111FF24A52DC200780502 /* SceneDelegate.swift in Sources */ = {isa = PBXBuildFile; fileRef = FB4111FE24A52DC200780502 /* SceneDelegate.swift */; };
		FB41120124A52DC200780502 /* ViewController.swift in Sources */ = {isa = PBXBuildFile; fileRef = FB41120024A52DC200780502 /* ViewController.swift */; };
		FB41120424A52DC200780502 /* Main.storyboard in Resources */ = {isa = PBXBuildFile; fileRef = FB41120224A52DC200780502 /* Main.storyboard */; };
		FB41120624A52DC400780502 /* Assets.xcassets in Resources */ = {isa = PBXBuildFile; fileRef = FB41120524A52DC400780502 /* Assets.xcassets */; };
		FB41120924A52DC400780502 /* LaunchScreen.storyboard in Resources */ = {isa = PBXBuildFile; fileRef = FB41120724A52DC400780502 /* LaunchScreen.storyboard */; };
		FB41121624A536BD00780502 /* Alarm.png in Resources */ = {isa = PBXBuildFile; fileRef = FB41121524A536BD00780502 /* Alarm.png */; };
		FB41121824A536C800780502 /* WorldClock.png in Resources */ = {isa = PBXBuildFile; fileRef = FB41121724A536C800780502 /* WorldClock.png */; };
		FB41121B24A536D600780502 /* Timer.png in Resources */ = {isa = PBXBuildFile; fileRef = FB41121924A536D600780502 /* Timer.png */; };
		FB41121C24A536D600780502 /* StopWatch.png in Resources */ = {isa = PBXBuildFile; fileRef = FB41121A24A536D600780502 /* StopWatch.png */; };
		FB41121E24A53DCD00780502 /* AlarmViewController.swift in Sources */ = {isa = PBXBuildFile; fileRef = FB41121D24A53DCD00780502 /* AlarmViewController.swift */; };
		FB41122024A542C400780502 /* AlarmTableViewCell.swift in Sources */ = {isa = PBXBuildFile; fileRef = FB41121F24A542C400780502 /* AlarmTableViewCell.swift */; };
		FB41122424A5CC2200780502 /* AlarmItem.swift in Sources */ = {isa = PBXBuildFile; fileRef = FB41122324A5CC2200780502 /* AlarmItem.swift */; };
		FB41122624A5CEF400780502 /* AlarmData.swift in Sources */ = {isa = PBXBuildFile; fileRef = FB41122524A5CEF400780502 /* AlarmData.swift */; };
		FB41122824A5E17000780502 /* AddAlarmViewController.swift in Sources */ = {isa = PBXBuildFile; fileRef = FB41122724A5E17000780502 /* AddAlarmViewController.swift */; };
		FB41122E24A645B500780502 /* Model.xcdatamodeld in Sources */ = {isa = PBXBuildFile; fileRef = FB41122C24A645B500780502 /* Model.xcdatamodeld */; };
		FB41125324A711C200780502 /* DataManager.swift in Sources */ = {isa = PBXBuildFile; fileRef = FB41125224A711C200780502 /* DataManager.swift */; };
/* End PBXBuildFile section */

/* Begin PBXFileReference section */
		FB4111F924A52DC200780502 /* Alarm.app */ = {isa = PBXFileReference; explicitFileType = wrapper.application; includeInIndex = 0; path = Alarm.app; sourceTree = BUILT_PRODUCTS_DIR; };
		FB4111FC24A52DC200780502 /* AppDelegate.swift */ = {isa = PBXFileReference; lastKnownFileType = sourcecode.swift; path = AppDelegate.swift; sourceTree = "<group>"; };
		FB4111FE24A52DC200780502 /* SceneDelegate.swift */ = {isa = PBXFileReference; lastKnownFileType = sourcecode.swift; path = SceneDelegate.swift; sourceTree = "<group>"; };
		FB41120024A52DC200780502 /* ViewController.swift */ = {isa = PBXFileReference; lastKnownFileType = sourcecode.swift; path = ViewController.swift; sourceTree = "<group>"; };
		FB41120324A52DC200780502 /* Base */ = {isa = PBXFileReference; lastKnownFileType = file.storyboard; name = Base; path = Base.lproj/Main.storyboard; sourceTree = "<group>"; };
		FB41120524A52DC400780502 /* Assets.xcassets */ = {isa = PBXFileReference; lastKnownFileType = folder.assetcatalog; path = Assets.xcassets; sourceTree = "<group>"; };
		FB41120824A52DC400780502 /* Base */ = {isa = PBXFileReference; lastKnownFileType = file.storyboard; name = Base; path = Base.lproj/LaunchScreen.storyboard; sourceTree = "<group>"; };
		FB41120A24A52DC400780502 /* Info.plist */ = {isa = PBXFileReference; lastKnownFileType = text.plist.xml; path = Info.plist; sourceTree = "<group>"; };
		FB41121524A536BD00780502 /* Alarm.png */ = {isa = PBXFileReference; lastKnownFileType = image.png; path = Alarm.png; sourceTree = "<group>"; };
		FB41121724A536C800780502 /* WorldClock.png */ = {isa = PBXFileReference; lastKnownFileType = image.png; path = WorldClock.png; sourceTree = "<group>"; };
		FB41121924A536D600780502 /* Timer.png */ = {isa = PBXFileReference; lastKnownFileType = image.png; path = Timer.png; sourceTree = "<group>"; };
		FB41121A24A536D600780502 /* StopWatch.png */ = {isa = PBXFileReference; lastKnownFileType = image.png; path = StopWatch.png; sourceTree = "<group>"; };
		FB41121D24A53DCD00780502 /* AlarmViewController.swift */ = {isa = PBXFileReference; lastKnownFileType = sourcecode.swift; path = AlarmViewController.swift; sourceTree = "<group>"; };
		FB41121F24A542C400780502 /* AlarmTableViewCell.swift */ = {isa = PBXFileReference; lastKnownFileType = sourcecode.swift; path = AlarmTableViewCell.swift; sourceTree = "<group>"; };
		FB41122324A5CC2200780502 /* AlarmItem.swift */ = {isa = PBXFileReference; lastKnownFileType = sourcecode.swift; path = AlarmItem.swift; sourceTree = "<group>"; };
		FB41122524A5CEF400780502 /* AlarmData.swift */ = {isa = PBXFileReference; lastKnownFileType = sourcecode.swift; path = AlarmData.swift; sourceTree = "<group>"; };
		FB41122724A5E17000780502 /* AddAlarmViewController.swift */ = {isa = PBXFileReference; lastKnownFileType = sourcecode.swift; path = AddAlarmViewController.swift; sourceTree = "<group>"; };
		FB41122A24A643B200780502 /* libsqlite3.0.tbd */ = {isa = PBXFileReference; lastKnownFileType = "sourcecode.text-based-dylib-definition"; name = libsqlite3.0.tbd; path = usr/lib/libsqlite3.0.tbd; sourceTree = SDKROOT; };
		FB41122D24A645B500780502 /* Model.xcdatamodel */ = {isa = PBXFileReference; lastKnownFileType = wrapper.xcdatamodel; path = Model.xcdatamodel; sourceTree = "<group>"; };
		FB41125224A711C200780502 /* DataManager.swift */ = {isa = PBXFileReference; lastKnownFileType = sourcecode.swift; path = DataManager.swift; sourceTree = "<group>"; };
/* End PBXFileReference section */

/* Begin PBXFrameworksBuildPhase section */
		FB4111F624A52DC200780502 /* Frameworks */ = {
			isa = PBXFrameworksBuildPhase;
			buildActionMask = 2147483647;
			files = (
			);
			runOnlyForDeploymentPostprocessing = 0;
		};
/* End PBXFrameworksBuildPhase section */

/* Begin PBXGroup section */
		FB4111F024A52DC200780502 = {
			isa = PBXGroup;
			children = (
				FB4111FB24A52DC200780502 /* Alarm */,
				FB4111FA24A52DC200780502 /* Products */,
				FB41122924A643B200780502 /* Frameworks */,
			);
			sourceTree = "<group>";
		};
		FB4111FA24A52DC200780502 /* Products */ = {
			isa = PBXGroup;
			children = (
				FB4111F924A52DC200780502 /* Alarm.app */,
			);
			name = Products;
			sourceTree = "<group>";
		};
		FB4111FB24A52DC200780502 /* Alarm */ = {
			isa = PBXGroup;
			children = (
				FB41121424A52E3000780502 /* Resources */,
				FB41121324A52E1400780502 /* Model */,
				FB41121224A52E0F00780502 /* Controller */,
				FB41121124A52E0400780502 /* View */,
				FB41121024A52DFA00780502 /* AppDelegate */,
				FB41120A24A52DC400780502 /* Info.plist */,
				FB41122C24A645B500780502 /* Model.xcdatamodeld */,
			);
			path = Alarm;
			sourceTree = "<group>";
		};
		FB41121024A52DFA00780502 /* AppDelegate */ = {
			isa = PBXGroup;
			children = (
				FB4111FE24A52DC200780502 /* SceneDelegate.swift */,
				FB4111FC24A52DC200780502 /* AppDelegate.swift */,
			);
			path = AppDelegate;
			sourceTree = "<group>";
		};
		FB41121124A52E0400780502 /* View */ = {
			isa = PBXGroup;
			children = (
				FB41120724A52DC400780502 /* LaunchScreen.storyboard */,
				FB41120224A52DC200780502 /* Main.storyboard */,
			);
			path = View;
			sourceTree = "<group>";
		};
		FB41121224A52E0F00780502 /* Controller */ = {
			isa = PBXGroup;
			children = (
				FB41121D24A53DCD00780502 /* AlarmViewController.swift */,
				FB41120024A52DC200780502 /* ViewController.swift */,
				FB41121F24A542C400780502 /* AlarmTableViewCell.swift */,
				FB41122724A5E17000780502 /* AddAlarmViewController.swift */,
			);
			path = Controller;
			sourceTree = "<group>";
		};
		FB41121324A52E1400780502 /* Model */ = {
			isa = PBXGroup;
			children = (
				FB41122324A5CC2200780502 /* AlarmItem.swift */,
				FB41122524A5CEF400780502 /* AlarmData.swift */,
				FB41125224A711C200780502 /* DataManager.swift */,
			);
			path = Model;
			sourceTree = "<group>";
		};
		FB41121424A52E3000780502 /* Resources */ = {
			isa = PBXGroup;
			children = (
				FB41121724A536C800780502 /* WorldClock.png */,
				FB41121A24A536D600780502 /* StopWatch.png */,
				FB41121924A536D600780502 /* Timer.png */,
				FB41121524A536BD00780502 /* Alarm.png */,
				FB41120524A52DC400780502 /* Assets.xcassets */,
			);
			path = Resources;
			sourceTree = "<group>";
		};
		FB41122924A643B200780502 /* Frameworks */ = {
			isa = PBXGroup;
			children = (
				FB41122A24A643B200780502 /* libsqlite3.0.tbd */,
			);
			name = Frameworks;
			sourceTree = "<group>";
		};
/* End PBXGroup section */

/* Begin PBXNativeTarget section */
		FB4111F824A52DC200780502 /* Alarm */ = {
			isa = PBXNativeTarget;
			buildConfigurationList = FB41120D24A52DC400780502 /* Build configuration list for PBXNativeTarget "Alarm" */;
			buildPhases = (
				FB4111F524A52DC200780502 /* Sources */,
				FB4111F624A52DC200780502 /* Frameworks */,
				FB4111F724A52DC200780502 /* Resources */,
			);
			buildRules = (
			);
			dependencies = (
			);
			name = Alarm;
			productName = Alarm;
			productReference = FB4111F924A52DC200780502 /* Alarm.app */;
			productType = "com.apple.product-type.application";
		};
/* End PBXNativeTarget section */

/* Begin PBXProject section */
		FB4111F124A52DC200780502 /* Project object */ = {
			isa = PBXProject;
			attributes = {
				LastSwiftUpdateCheck = 1150;
				LastUpgradeCheck = 1150;
				ORGANIZATIONNAME = "Hồ Sĩ Tuấn";
				TargetAttributes = {
					FB4111F824A52DC200780502 = {
						CreatedOnToolsVersion = 11.5;
					};
				};
			};
			buildConfigurationList = FB4111F424A52DC200780502 /* Build configuration list for PBXProject "Alarm" */;
			compatibilityVersion = "Xcode 9.3";
			developmentRegion = en;
			hasScannedForEncodings = 0;
			knownRegions = (
				en,
				Base,
			);
			mainGroup = FB4111F024A52DC200780502;
			productRefGroup = FB4111FA24A52DC200780502 /* Products */;
			projectDirPath = "";
			projectRoot = "";
			targets = (
				FB4111F824A52DC200780502 /* Alarm */,
			);
		};
/* End PBXProject section */

/* Begin PBXResourcesBuildPhase section */
		FB4111F724A52DC200780502 /* Resources */ = {
			isa = PBXResourcesBuildPhase;
			buildActionMask = 2147483647;
			files = (
				FB41120924A52DC400780502 /* LaunchScreen.storyboard in Resources */,
				FB41121C24A536D600780502 /* StopWatch.png in Resources */,
				FB41121624A536BD00780502 /* Alarm.png in Resources */,
				FB41120624A52DC400780502 /* Assets.xcassets in Resources */,
				FB41121824A536C800780502 /* WorldClock.png in Resources */,
				FB41121B24A536D600780502 /* Timer.png in Resources */,
				FB41120424A52DC200780502 /* Main.storyboard in Resources */,
			);
			runOnlyForDeploymentPostprocessing = 0;
		};
/* End PBXResourcesBuildPhase section */

/* Begin PBXSourcesBuildPhase section */
		FB4111F524A52DC200780502 /* Sources */ = {
			isa = PBXSourcesBuildPhase;
			buildActionMask = 2147483647;
			files = (
				FB41122424A5CC2200780502 /* AlarmItem.swift in Sources */,
				FB41125324A711C200780502 /* DataManager.swift in Sources */,
				FB41122024A542C400780502 /* AlarmTableViewCell.swift in Sources */,
				FB41121E24A53DCD00780502 /* AlarmViewController.swift in Sources */,
				FB41120124A52DC200780502 /* ViewController.swift in Sources */,
				FB41122824A5E17000780502 /* AddAlarmViewController.swift in Sources */,
				FB41122E24A645B500780502 /* Model.xcdatamodeld in Sources */,
				FB4111FD24A52DC200780502 /* AppDelegate.swift in Sources */,
				FB4111FF24A52DC200780502 /* SceneDelegate.swift in Sources */,
				FB41122624A5CEF400780502 /* AlarmData.swift in Sources */,
			);
			runOnlyForDeploymentPostprocessing = 0;
		};
/* End PBXSourcesBuildPhase section */

/* Begin PBXVariantGroup section */
		FB41120224A52DC200780502 /* Main.storyboard */ = {
			isa = PBXVariantGroup;
			children = (
				FB41120324A52DC200780502 /* Base */,
			);
			name = Main.storyboard;
			sourceTree = "<group>";
		};
		FB41120724A52DC400780502 /* LaunchScreen.storyboard */ = {
			isa = PBXVariantGroup;
			children = (
				FB41120824A52DC400780502 /* Base */,
			);
			name = LaunchScreen.storyboard;
			sourceTree = "<group>";
		};
/* End PBXVariantGroup section */

/* Begin XCBuildConfiguration section */
		FB41120B24A52DC400780502 /* Debug */ = {
			isa = XCBuildConfiguration;
			buildSettings = {
				ALWAYS_SEARCH_USER_PATHS = NO;
				CLANG_ANALYZER_NONNULL = YES;
				CLANG_ANALYZER_NUMBER_OBJECT_CONVERSION = YES_AGGRESSIVE;
				CLANG_CXX_LANGUAGE_STANDARD = "gnu++14";
				CLANG_CXX_LIBRARY = "libc++";
				CLANG_ENABLE_MODULES = YES;
				CLANG_ENABLE_OBJC_ARC = YES;
				CLANG_ENABLE_OBJC_WEAK = YES;
				CLANG_WARN_BLOCK_CAPTURE_AUTORELEASING = YES;
				CLANG_WARN_BOOL_CONVERSION = YES;
				CLANG_WARN_COMMA = YES;
				CLANG_WARN_CONSTANT_CONVERSION = YES;
				CLANG_WARN_DEPRECATED_OBJC_IMPLEMENTATIONS = YES;
				CLANG_WARN_DIRECT_OBJC_ISA_USAGE = YES_ERROR;
				CLANG_WARN_DOCUMENTATION_COMMENTS = YES;
				CLANG_WARN_EMPTY_BODY = YES;
				CLANG_WARN_ENUM_CONVERSION = YES;
				CLANG_WARN_INFINITE_RECURSION = YES;
				CLANG_WARN_INT_CONVERSION = YES;
				CLANG_WARN_NON_LITERAL_NULL_CONVERSION = YES;
				CLANG_WARN_OBJC_IMPLICIT_RETAIN_SELF = YES;
				CLANG_WARN_OBJC_LITERAL_CONVERSION = YES;
				CLANG_WARN_OBJC_ROOT_CLASS = YES_ERROR;
				CLANG_WARN_RANGE_LOOP_ANALYSIS = YES;
				CLANG_WARN_STRICT_PROTOTYPES = YES;
				CLANG_WARN_SUSPICIOUS_MOVE = YES;
				CLANG_WARN_UNGUARDED_AVAILABILITY = YES_AGGRESSIVE;
				CLANG_WARN_UNREACHABLE_CODE = YES;
				CLANG_WARN__DUPLICATE_METHOD_MATCH = YES;
				COPY_PHASE_STRIP = NO;
				DEBUG_INFORMATION_FORMAT = dwarf;
				ENABLE_STRICT_OBJC_MSGSEND = YES;
				ENABLE_TESTABILITY = YES;
				GCC_C_LANGUAGE_STANDARD = gnu11;
				GCC_DYNAMIC_NO_PIC = NO;
				GCC_NO_COMMON_BLOCKS = YES;
				GCC_OPTIMIZATION_LEVEL = 0;
				GCC_PREPROCESSOR_DEFINITIONS = (
					"DEBUG=1",
					"$(inherited)",
				);
				GCC_WARN_64_TO_32_BIT_CONVERSION = YES;
				GCC_WARN_ABOUT_RETURN_TYPE = YES_ERROR;
				GCC_WARN_UNDECLARED_SELECTOR = YES;
				GCC_WARN_UNINITIALIZED_AUTOS = YES_AGGRESSIVE;
				GCC_WARN_UNUSED_FUNCTION = YES;
				GCC_WARN_UNUSED_VARIABLE = YES;
				IPHONEOS_DEPLOYMENT_TARGET = 13.5;
				MTL_ENABLE_DEBUG_INFO = INCLUDE_SOURCE;
				MTL_FAST_MATH = YES;
				ONLY_ACTIVE_ARCH = YES;
				SDKROOT = iphoneos;
				SWIFT_ACTIVE_COMPILATION_CONDITIONS = DEBUG;
				SWIFT_OPTIMIZATION_LEVEL = "-Onone";
			};
			name = Debug;
		};
		FB41120C24A52DC400780502 /* Release */ = {
			isa = XCBuildConfiguration;
			buildSettings = {
				ALWAYS_SEARCH_USER_PATHS = NO;
				CLANG_ANALYZER_NONNULL = YES;
				CLANG_ANALYZER_NUMBER_OBJECT_CONVERSION = YES_AGGRESSIVE;
				CLANG_CXX_LANGUAGE_STANDARD = "gnu++14";
				CLANG_CXX_LIBRARY = "libc++";
				CLANG_ENABLE_MODULES = YES;
				CLANG_ENABLE_OBJC_ARC = YES;
				CLANG_ENABLE_OBJC_WEAK = YES;
				CLANG_WARN_BLOCK_CAPTURE_AUTORELEASING = YES;
				CLANG_WARN_BOOL_CONVERSION = YES;
				CLANG_WARN_COMMA = YES;
				CLANG_WARN_CONSTANT_CONVERSION = YES;
				CLANG_WARN_DEPRECATED_OBJC_IMPLEMENTATIONS = YES;
				CLANG_WARN_DIRECT_OBJC_ISA_USAGE = YES_ERROR;
				CLANG_WARN_DOCUMENTATION_COMMENTS = YES;
				CLANG_WARN_EMPTY_BODY = YES;
				CLANG_WARN_ENUM_CONVERSION = YES;
				CLANG_WARN_INFINITE_RECURSION = YES;
				CLANG_WARN_INT_CONVERSION = YES;
				CLANG_WARN_NON_LITERAL_NULL_CONVERSION = YES;
				CLANG_WARN_OBJC_IMPLICIT_RETAIN_SELF = YES;
				CLANG_WARN_OBJC_LITERAL_CONVERSION = YES;
				CLANG_WARN_OBJC_ROOT_CLASS = YES_ERROR;
				CLANG_WARN_RANGE_LOOP_ANALYSIS = YES;
				CLANG_WARN_STRICT_PROTOTYPES = YES;
				CLANG_WARN_SUSPICIOUS_MOVE = YES;
				CLANG_WARN_UNGUARDED_AVAILABILITY = YES_AGGRESSIVE;
				CLANG_WARN_UNREACHABLE_CODE = YES;
				CLANG_WARN__DUPLICATE_METHOD_MATCH = YES;
				COPY_PHASE_STRIP = NO;
				DEBUG_INFORMATION_FORMAT = "dwarf-with-dsym";
				ENABLE_NS_ASSERTIONS = NO;
				ENABLE_STRICT_OBJC_MSGSEND = YES;
				GCC_C_LANGUAGE_STANDARD = gnu11;
				GCC_NO_COMMON_BLOCKS = YES;
				GCC_WARN_64_TO_32_BIT_CONVERSION = YES;
				GCC_WARN_ABOUT_RETURN_TYPE = YES_ERROR;
				GCC_WARN_UNDECLARED_SELECTOR = YES;
				GCC_WARN_UNINITIALIZED_AUTOS = YES_AGGRESSIVE;
				GCC_WARN_UNUSED_FUNCTION = YES;
				GCC_WARN_UNUSED_VARIABLE = YES;
				IPHONEOS_DEPLOYMENT_TARGET = 13.5;
				MTL_ENABLE_DEBUG_INFO = NO;
				MTL_FAST_MATH = YES;
				SDKROOT = iphoneos;
				SWIFT_COMPILATION_MODE = wholemodule;
				SWIFT_OPTIMIZATION_LEVEL = "-O";
				VALIDATE_PRODUCT = YES;
			};
			name = Release;
		};
		FB41120E24A52DC400780502 /* Debug */ = {
			isa = XCBuildConfiguration;
			buildSettings = {
				ASSETCATALOG_COMPILER_APPICON_NAME = AppIcon;
				CODE_SIGN_STYLE = Automatic;
				DEVELOPMENT_TEAM = U9EGC55R6Z;
				INFOPLIST_FILE = Alarm/Info.plist;
				IPHONEOS_DEPLOYMENT_TARGET = 13.0;
				LD_RUNPATH_SEARCH_PATHS = (
					"$(inherited)",
					"@executable_path/Frameworks",
				);
				PRODUCT_BUNDLE_IDENTIFIER = hcmute.edu.vn.Alarm;
				PRODUCT_NAME = "$(TARGET_NAME)";
				SWIFT_VERSION = 5.0;
				TARGETED_DEVICE_FAMILY = "1,2";
			};
			name = Debug;
		};
		FB41120F24A52DC400780502 /* Release */ = {
			isa = XCBuildConfiguration;
			buildSettings = {
				ASSETCATALOG_COMPILER_APPICON_NAME = AppIcon;
				CODE_SIGN_STYLE = Automatic;
				DEVELOPMENT_TEAM = U9EGC55R6Z;
				INFOPLIST_FILE = Alarm/Info.plist;
				IPHONEOS_DEPLOYMENT_TARGET = 13.0;
				LD_RUNPATH_SEARCH_PATHS = (
					"$(inherited)",
					"@executable_path/Frameworks",
				);
				PRODUCT_BUNDLE_IDENTIFIER = hcmute.edu.vn.Alarm;
				PRODUCT_NAME = "$(TARGET_NAME)";
				SWIFT_VERSION = 5.0;
				TARGETED_DEVICE_FAMILY = "1,2";
			};
			name = Release;
		};
/* End XCBuildConfiguration section */

/* Begin XCConfigurationList section */
		FB4111F424A52DC200780502 /* Build configuration list for PBXProject "Alarm" */ = {
			isa = XCConfigurationList;
			buildConfigurations = (
				FB41120B24A52DC400780502 /* Debug */,
				FB41120C24A52DC400780502 /* Release */,
			);
			defaultConfigurationIsVisible = 0;
			defaultConfigurationName = Release;
		};
		FB41120D24A52DC400780502 /* Build configuration list for PBXNativeTarget "Alarm" */ = {
			isa = XCConfigurationList;
			buildConfigurations = (
				FB41120E24A52DC400780502 /* Debug */,
				FB41120F24A52DC400780502 /* Release */,
			);
			defaultConfigurationIsVisible = 0;
			defaultConfigurationName = Release;
		};
/* End XCConfigurationList section */

/* Begin XCVersionGroup section */
		FB41122C24A645B500780502 /* Model.xcdatamodeld */ = {
			isa = XCVersionGroup;
			children = (
				FB41122D24A645B500780502 /* Model.xcdatamodel */,
			);
			currentVersion = FB41122D24A645B500780502 /* Model.xcdatamodel */;
			path = Model.xcdatamodeld;
			sourceTree = "<group>";
			versionGroupType = wrapper.xcdatamodel;
		};
/* End XCVersionGroup section */
	};
	rootObject = FB4111F124A52DC200780502 /* Project object */;
}
